# THIS IS AN AUTOGENERATED FILE. DO NOT EDIT THIS FILE DIRECTLY.
# yarn lockfile v1


at-least-node@^1.0.0:
  version "1.0.0"
  resolved "https://registry.yarnpkg.com/at-least-node/-/at-least-node-1.0.0.tgz#602cd4b46e844ad4effc92a8011a3c46e0238dc2"
  integrity sha512-+q/t7Ekv1EDY2l6Gda6LLiX14rU9TV20Wa3ofeQmwPFZbOMo9DXrLbOjFaaclkXKWidIaopwAObQDqwWtGUjqg==

dom-serializer@^1.0.1:
  version "1.1.0"
  resolved "https://registry.yarnpkg.com/dom-serializer/-/dom-serializer-1.1.0.tgz#5f7c828f1bfc44887dc2a315ab5c45691d544b58"
  integrity sha512-ox7bvGXt2n+uLWtCRLybYx60IrOlWL/aCebWJk1T0d4m3y2tzf4U3ij9wBMUb6YJZpz06HCCYuyCDveE2xXmzQ==
  dependencies:
    domelementtype "^2.0.1"
    domhandler "^3.0.0"
    entities "^2.0.0"

domelementtype@^2.0.1:
  version "2.0.2"
  resolved "https://registry.yarnpkg.com/domelementtype/-/domelementtype-2.0.2.tgz#f3b6e549201e46f588b59463dd77187131fe6971"
  integrity sha512-wFwTwCVebUrMgGeAwRL/NhZtHAUyT9n9yg4IMDwf10+6iCMxSkVq9MGCVEH+QZWo1nNidy8kNvwmv4zWHDTqvA==

domhandler@^3.0.0, domhandler@^3.3.0:
  version "3.3.0"
  resolved "https://registry.yarnpkg.com/domhandler/-/domhandler-3.3.0.tgz#6db7ea46e4617eb15cf875df68b2b8524ce0037a"
  integrity sha512-J1C5rIANUbuYK+FuFL98650rihynUOEzRLxW+90bKZRWB6A1X1Tf82GxR1qAWLyfNPRvjqfip3Q5tdYlmAa9lA==
  dependencies:
    domelementtype "^2.0.1"

domutils@^2.4.2:
  version "2.4.2"
  resolved "https://registry.yarnpkg.com/domutils/-/domutils-2.4.2.tgz#7ee5be261944e1ad487d9aa0616720010123922b"
  integrity sha512-NKbgaM8ZJOecTZsIzW5gSuplsX2IWW2mIK7xVr8hTQF2v1CJWTmLZ1HOCh5sH+IzVPAGE5IucooOkvwBRAdowA==
  dependencies:
    dom-serializer "^1.0.1"
    domelementtype "^2.0.1"
    domhandler "^3.3.0"

entities@^2.0.0:
  version "2.1.0"
  resolved "https://registry.yarnpkg.com/entities/-/entities-2.1.0.tgz#992d3129cf7df6870b96c57858c249a120f8b8b5"
  integrity sha512-hCx1oky9PFrJ611mf0ifBLBRW8lUUVRlFolb5gWRfIELabBlbp9xZvrqZLZAs+NxFnbfQoeGd8wDkygjg7U85w==

fs-extra@^9.0.1:
  version "9.0.1"
  resolved "https://registry.yarnpkg.com/fs-extra/-/fs-extra-9.0.1.tgz#910da0062437ba4c39fedd863f1675ccfefcb9fc"
  integrity sha512-h2iAoN838FqAFJY2/qVpzFXy+EBxfVE220PalAqQLDVsFOHLJrZvut5puAbCdNv6WJk+B8ihI+k0c7JK5erwqQ==
  dependencies:
    at-least-node "^1.0.0"
    graceful-fs "^4.2.0"
    jsonfile "^6.0.1"
    universalify "^1.0.0"

graceful-fs@^4.1.6, graceful-fs@^4.2.0:
  version "4.2.4"
  resolved "https://registry.yarnpkg.com/graceful-fs/-/graceful-fs-4.2.4.tgz#2256bde14d3632958c465ebc96dc467ca07a29fb"
  integrity sha512-WjKPNJF79dtJAVniUlGGWHYGz2jWxT6VhN/4m1NdkbZ2nOsEF+cI1Edgql5zCRhs/VsQYRvrXctxktVXZUkixw==

htmlparser2@^5.0.1:
  version "5.0.1"
  resolved "https://registry.yarnpkg.com/htmlparser2/-/htmlparser2-5.0.1.tgz#7daa6fc3e35d6107ac95a4fc08781f091664f6e7"
  integrity sha512-vKZZra6CSe9qsJzh0BjBGXo8dvzNsq/oGvsjfRdOrrryfeD9UOBEEQdeoqCRmKZchF5h2zOBMQ6YuQ0uRUmdbQ==
  dependencies:
    domelementtype "^2.0.1"
    domhandler "^3.3.0"
    domutils "^2.4.2"
    entities "^2.0.0"

jsonfile@^6.0.1:
  version "6.1.0"
  resolved "https://registry.yarnpkg.com/jsonfile/-/jsonfile-6.1.0.tgz#bc55b2634793c679ec6403094eb13698a6ec0aae"
  integrity sha512-5dgndWOriYSm5cnYaJNhalLNDKOqFwyDB/rr1E9ZsGciGvKPs8R2xYGCacuf3z6K1YKDz182fd+fY3cn3pMqXQ==
  dependencies:
    universalify "^2.0.0"
  optionalDependencies:
    graceful-fs "^4.1.6"

posthtml-parser@^0.6.0:
  version "0.6.0"
  resolved "https://registry.yarnpkg.com/posthtml-parser/-/posthtml-parser-0.6.0.tgz#52488cdb4fa591c3102de73197c471859ee0be63"
  integrity sha512-5ffwKQNgtVHdhZniWxu+1ryvaZv5l25HPLUV6W5xy5nYVWMXtvjtwRnbSpfbKFvbyl7XI+d4AqkjmonkREqnXA==
  dependencies:
    htmlparser2 "^5.0.1"

posthtml-render@^1.2.3:
  version "1.4.0"
  resolved "https://registry.yarnpkg.com/posthtml-render/-/posthtml-render-1.4.0.tgz#40114070c45881cacb93347dae3eff53afbcff13"
  integrity sha512-W1779iVHGfq0Fvh2PROhCe2QhB8mEErgqzo1wpIt36tCgChafP+hbXIhLDOM8ePJrZcFs0vkNEtdibEWVqChqw==

posthtml@^0.15.0:
  version "0.15.0"
  resolved "https://registry.yarnpkg.com/posthtml/-/posthtml-0.15.0.tgz#1b783abe2899b7796d2dbec98c45dfe069213370"
  integrity sha512-3M2OHOuyiE5hiEJLo070KWsnMnDgxQuaLexWMekA7/ikz0vC799OqXlUMlFYIrp6krz3zgQfNqSyzg9SvdOm9A==
  dependencies:
    posthtml-parser "^0.6.0"
    posthtml-render "^1.2.3"

universalify@^1.0.0:
  version "1.0.0"
  resolved "https://registry.yarnpkg.com/universalify/-/universalify-1.0.0.tgz#b61a1da173e8435b2fe3c67d29b9adf8594bd16d"
  integrity sha512-rb6X1W158d7pRQBg5gkR8uPaSfiids68LTJQYOtEUhoJUWBdaQHsuT/EUduxXYxcrt4r5PJ4fuHW1MHT6p0qug==

universalify@^2.0.0:
  version "2.0.0"
  resolved "https://registry.yarnpkg.com/universalify/-/universalify-2.0.0.tgz#75a4984efedc4b08975c5aeb73f530d02df25717"
  integrity sha512-hAZsKq7Yy11Zu1DE0OzWjw7nnLZmJZYTDZZyEFHZdUhV8FkH5MCfoU1XMaxXovpyW5nq5scPqq0ZDP9Zyl04oQ==
