# THIS IS AN AUTOGENERATED FILE. DO NOT EDIT THIS FILE DIRECTLY.
# yarn lockfile v1


at-least-node@^1.0.0:
  version "1.0.0"
  resolved "https://registry.yarnpkg.com/at-least-node/-/at-least-node-1.0.0.tgz#602cd4b46e844ad4effc92a8011a3c46e0238dc2"
  integrity sha512-+q/t7Ekv1EDY2l6Gda6LLiX14rU9TV20Wa3ofeQmwPFZbOMo9DXrLbOjFaaclkXKWidIaopwAObQDqwWtGUjqg==

dom-serializer@0:
  version "0.2.2"
  resolved "https://registry.yarnpkg.com/dom-serializer/-/dom-serializer-0.2.2.tgz#1afb81f533717175d478655debc5e332d9f9bb51"
  integrity sha512-2/xPb3ORsQ42nHYiSunXkDjPLBaEj/xTwUO4B7XCZQTRk7EBtTOPaygh10YAAh2OI1Qrp6NWfpAhzswj0ydt9g==
  dependencies:
    domelementtype "^2.0.1"
    entities "^2.0.0"

dom-serializer@^1.0.1:
  version "1.1.0"
  resolved "https://registry.yarnpkg.com/dom-serializer/-/dom-serializer-1.1.0.tgz#5f7c828f1bfc44887dc2a315ab5c45691d544b58"
  integrity sha512-ox7bvGXt2n+uLWtCRLybYx60IrOlWL/aCebWJk1T0d4m3y2tzf4U3ij9wBMUb6YJZpz06HCCYuyCDveE2xXmzQ==
  dependencies:
    domelementtype "^2.0.1"
    domhandler "^3.0.0"
    entities "^2.0.0"

domelementtype@1, domelementtype@^1.3.1:
  version "1.3.1"
  resolved "https://registry.yarnpkg.com/domelementtype/-/domelementtype-1.3.1.tgz#d048c44b37b0d10a7f2a3d5fee3f4333d790481f"
  integrity sha512-BSKB+TSpMpFI/HOxCNr1O8aMOTZ8hT3pM3GQ0w/mWRmkhEDSFJkkyzz4XQsBV44BChwGkrDfMyjVD0eA2aFV3w==

domelementtype@^2.0.1:
  version "2.0.1"
  resolved "https://registry.yarnpkg.com/domelementtype/-/domelementtype-2.0.1.tgz#1f8bdfe91f5a78063274e803b4bdcedf6e94f94d"
  integrity sha512-5HOHUDsYZWV8FGWN0Njbr/Rn7f/eWSQi1v7+HsUVwXgn8nWWlL64zKDkS0n8ZmQ3mlWOMuXOnR+7Nx/5tMO5AQ==

domhandler@^2.3.0:
  version "2.4.2"
  resolved "https://registry.yarnpkg.com/domhandler/-/domhandler-2.4.2.tgz#8805097e933d65e85546f726d60f5eb88b44f803"
  integrity sha512-JiK04h0Ht5u/80fdLMCEmV4zkNh2BcoMFBmZ/91WtYZ8qVXSKjiw7fXMgFPnHcSZgOo3XdinHvmnDUeMf5R4wA==
  dependencies:
    domelementtype "1"

domhandler@^3.0.0, domhandler@^3.3.0:
  version "3.3.0"
  resolved "https://registry.yarnpkg.com/domhandler/-/domhandler-3.3.0.tgz#6db7ea46e4617eb15cf875df68b2b8524ce0037a"
  integrity sha512-J1C5rIANUbuYK+FuFL98650rihynUOEzRLxW+90bKZRWB6A1X1Tf82GxR1qAWLyfNPRvjqfip3Q5tdYlmAa9lA==
  dependencies:
    domelementtype "^2.0.1"

domutils@^1.5.1:
  version "1.7.0"
  resolved "https://registry.yarnpkg.com/domutils/-/domutils-1.7.0.tgz#56ea341e834e06e6748af7a1cb25da67ea9f8c2a"
  integrity sha512-Lgd2XcJ/NjEw+7tFvfKxOzCYKZsdct5lczQ2ZaQY8Djz7pfAD3Gbp8ySJWtreII/vDlMVmxwa6pHmdxIYgttDg==
  dependencies:
    dom-serializer "0"
    domelementtype "1"

domutils@^2.4.2:
  version "2.4.2"
  resolved "https://registry.yarnpkg.com/domutils/-/domutils-2.4.2.tgz#7ee5be261944e1ad487d9aa0616720010123922b"
  integrity sha512-NKbgaM8ZJOecTZsIzW5gSuplsX2IWW2mIK7xVr8hTQF2v1CJWTmLZ1HOCh5sH+IzVPAGE5IucooOkvwBRAdowA==
  dependencies:
    dom-serializer "^1.0.1"
    domelementtype "^2.0.1"
    domhandler "^3.3.0"

entities@^1.1.1:
  version "1.1.2"
  resolved "https://registry.yarnpkg.com/entities/-/entities-1.1.2.tgz#bdfa735299664dfafd34529ed4f8522a275fea56"
  integrity sha512-f2LZMYl1Fzu7YSBKg+RoROelpOaNrcGmE9AZubeDfrCEia483oW4MI4VyFd5VNHIgQ/7qm1I0wUHK1eJnn2y2w==

entities@^2.0.0:
  version "2.0.3"
  resolved "https://registry.yarnpkg.com/entities/-/entities-2.0.3.tgz#5c487e5742ab93c15abb5da22759b8590ec03b7f"
  integrity sha512-MyoZ0jgnLvB2X3Lg5HqpFmn1kybDiIfEQmKzTb5apr51Rb+T3KdmMiqa70T+bhGnyv7bQ6WMj2QMHpGMmlrUYQ==

fs-extra@^9.0.0:
  version "9.0.1"
  resolved "https://registry.yarnpkg.com/fs-extra/-/fs-extra-9.0.1.tgz#910da0062437ba4c39fedd863f1675ccfefcb9fc"
  integrity sha512-h2iAoN838FqAFJY2/qVpzFXy+EBxfVE220PalAqQLDVsFOHLJrZvut5puAbCdNv6WJk+B8ihI+k0c7JK5erwqQ==
  dependencies:
    at-least-node "^1.0.0"
    graceful-fs "^4.2.0"
    jsonfile "^6.0.1"
    universalify "^1.0.0"

graceful-fs@^4.1.6, graceful-fs@^4.2.0:
  version "4.2.4"
  resolved "https://registry.yarnpkg.com/graceful-fs/-/graceful-fs-4.2.4.tgz#2256bde14d3632958c465ebc96dc467ca07a29fb"
  integrity sha512-WjKPNJF79dtJAVniUlGGWHYGz2jWxT6VhN/4m1NdkbZ2nOsEF+cI1Edgql5zCRhs/VsQYRvrXctxktVXZUkixw==

hasha@^5.2.2:
  version "5.2.2"
  resolved "https://registry.yarnpkg.com/hasha/-/hasha-5.2.2.tgz#a48477989b3b327aea3c04f53096d816d97522a1"
  integrity sha512-Hrp5vIK/xr5SkeN2onO32H0MgNZ0f17HRNH39WfL0SYUNOTZ5Lz1TJ8Pajo/87dYGEFlLMm7mIc/k/s6Bvz9HQ==
  dependencies:
    is-stream "^2.0.0"
    type-fest "^0.8.0"

htmlparser2@^3.9.2:
  version "3.10.1"
  resolved "https://registry.yarnpkg.com/htmlparser2/-/htmlparser2-3.10.1.tgz#bd679dc3f59897b6a34bb10749c855bb53a9392f"
  integrity sha512-IgieNijUMbkDovyoKObU1DUhm1iwNYE/fuifEoEHfd1oZKZDaONBSkal7Y01shxsM49R4XaMdGez3WnF9UfiCQ==
  dependencies:
    domelementtype "^1.3.1"
    domhandler "^2.3.0"
    domutils "^1.5.1"
    entities "^1.1.1"
    inherits "^2.0.1"
    readable-stream "^3.1.1"

htmlparser2@^5.0.1:
  version "5.0.1"
  resolved "https://registry.yarnpkg.com/htmlparser2/-/htmlparser2-5.0.1.tgz#7daa6fc3e35d6107ac95a4fc08781f091664f6e7"
  integrity sha512-vKZZra6CSe9qsJzh0BjBGXo8dvzNsq/oGvsjfRdOrrryfeD9UOBEEQdeoqCRmKZchF5h2zOBMQ6YuQ0uRUmdbQ==
  dependencies:
    domelementtype "^2.0.1"
    domhandler "^3.3.0"
    domutils "^2.4.2"
    entities "^2.0.0"

inherits@^2.0.1, inherits@^2.0.3:
  version "2.0.4"
  resolved "https://registry.yarnpkg.com/inherits/-/inherits-2.0.4.tgz#0fa2c64f932917c3433a0ded55363aae37416b7c"
  integrity sha512-k/vGaX4/Yla3WzyMCvTQOXYeIHvqOKtnqBduzTHpzpQZzAskKMhZ2K+EnBiSM9zGSoIFeMpXKxa4dYeZIQqewQ==

is-stream@^2.0.0:
  version "2.0.0"
  resolved "https://registry.yarnpkg.com/is-stream/-/is-stream-2.0.0.tgz#bde9c32680d6fae04129d6ac9d921ce7815f78e3"
  integrity sha512-XCoy+WlUr7d1+Z8GgSuXmpuUFC9fOhRXglJMx+dwLKTkL44Cjd4W1Z5P+BQZpr+cR93aGP4S/s7Ftw6Nd/kiEw==

jsonfile@^6.0.1:
  version "6.0.1"
  resolved "https://registry.yarnpkg.com/jsonfile/-/jsonfile-6.0.1.tgz#98966cba214378c8c84b82e085907b40bf614179"
  integrity sha512-jR2b5v7d2vIOust+w3wtFKZIfpC2pnRmFAhAC/BuweZFQR8qZzxH1OyrQ10HmdVYiXWkYUqPVsz91cG7EL2FBg==
  dependencies:
    universalify "^1.0.0"
  optionalDependencies:
    graceful-fs "^4.1.6"

posthtml-hash@^1.2.2:
  version "1.2.2"
  resolved "https://registry.yarnpkg.com/posthtml-hash/-/posthtml-hash-1.2.2.tgz#cb5dfd6dc4c234901edad05ac185b2ddfe73ac04"
  integrity sha512-Va1wBdHUp/26z464EvreCUTZQe6F5bKm/kYFjWjB7ncyFxUi8ke68Qusoy6BZLitY7wEolpZPe0tkdLPT9QllQ==
  dependencies:
    hasha "^5.2.2"
    posthtml "^0.15.0"

posthtml-parser@^0.4.2:
  version "0.4.2"
  resolved "https://registry.yarnpkg.com/posthtml-parser/-/posthtml-parser-0.4.2.tgz#a132bbdf0cd4bc199d34f322f5c1599385d7c6c1"
  integrity sha512-BUIorsYJTvS9UhXxPTzupIztOMVNPa/HtAm9KHni9z6qEfiJ1bpOBL5DfUOL9XAc3XkLIEzBzpph+Zbm4AdRAg==
  dependencies:
    htmlparser2 "^3.9.2"

posthtml-parser@^0.6.0:
  version "0.6.0"
  resolved "https://registry.yarnpkg.com/posthtml-parser/-/posthtml-parser-0.6.0.tgz#52488cdb4fa591c3102de73197c471859ee0be63"
  integrity sha512-5ffwKQNgtVHdhZniWxu+1ryvaZv5l25HPLUV6W5xy5nYVWMXtvjtwRnbSpfbKFvbyl7XI+d4AqkjmonkREqnXA==
  dependencies:
    htmlparser2 "^5.0.1"

posthtml-render@^1.2.2:
  version "1.2.2"
  resolved "https://registry.yarnpkg.com/posthtml-render/-/posthtml-render-1.2.2.tgz#f554a19ed40d40e2bfc160826b0a91d4a23656cd"
  integrity sha512-MbIXTWwAfJ9qET6Zl29UNwJcDJEEz9Zkr5oDhiujitJa7YBJwEpbkX2cmuklCDxubTMoRWpid3q8DrSyGnUUzQ==

posthtml-render@^1.2.3:
  version "1.4.0"
  resolved "https://registry.yarnpkg.com/posthtml-render/-/posthtml-render-1.4.0.tgz#40114070c45881cacb93347dae3eff53afbcff13"
  integrity sha512-W1779iVHGfq0Fvh2PROhCe2QhB8mEErgqzo1wpIt36tCgChafP+hbXIhLDOM8ePJrZcFs0vkNEtdibEWVqChqw==

posthtml@^0.13.0:
  version "0.13.1"
  resolved "https://registry.yarnpkg.com/posthtml/-/posthtml-0.13.1.tgz#3b85df6b0e084370a713302043c1c0f47cbaa5a8"
  integrity sha512-8aJZ63WYL9YsAZVcrIn6U0dSYbna7hcTceZjnbH7dilg01t4t3JDx0UovbhGFscFJg/++qhECCjGEQuJAqD7dA==
  dependencies:
    posthtml-parser "^0.4.2"
    posthtml-render "^1.2.2"

posthtml@^0.15.0:
  version "0.15.0"
  resolved "https://registry.yarnpkg.com/posthtml/-/posthtml-0.15.0.tgz#1b783abe2899b7796d2dbec98c45dfe069213370"
  integrity sha512-3M2OHOuyiE5hiEJLo070KWsnMnDgxQuaLexWMekA7/ikz0vC799OqXlUMlFYIrp6krz3zgQfNqSyzg9SvdOm9A==
  dependencies:
    posthtml-parser "^0.6.0"
    posthtml-render "^1.2.3"

readable-stream@^3.1.1:
  version "3.6.0"
  resolved "https://registry.yarnpkg.com/readable-stream/-/readable-stream-3.6.0.tgz#337bbda3adc0706bd3e024426a286d4b4b2c9198"
  integrity sha512-BViHy7LKeTz4oNnkcLJ+lVSL6vpiFeX6/d3oSH8zCW7UxP2onchk+vTGB143xuFjHS3deTgkKoXXymXqymiIdA==
  dependencies:
    inherits "^2.0.3"
    string_decoder "^1.1.1"
    util-deprecate "^1.0.1"

safe-buffer@~5.2.0:
  version "5.2.1"
  resolved "https://registry.yarnpkg.com/safe-buffer/-/safe-buffer-5.2.1.tgz#1eaf9fa9bdb1fdd4ec75f58f9cdb4e6b7827eec6"
  integrity sha512-rp3So07KcdmmKbGvgaNxQSJr7bGVSVk5S9Eq1F+ppbRo70+YeaDxkw5Dd8NPN+GD6bjnYm2VuPuCXmpuYvmCXQ==

string_decoder@^1.1.1:
  version "1.3.0"
  resolved "https://registry.yarnpkg.com/string_decoder/-/string_decoder-1.3.0.tgz#42f114594a46cf1a8e30b0a84f56c78c3edac21e"
  integrity sha512-hkRX8U1WjJFd8LsDJ2yQ/wWWxaopEsABU1XfkM8A+j0+85JAGppt16cr1Whg6KIbb4okU6Mql6BOj+uup/wKeA==
  dependencies:
    safe-buffer "~5.2.0"

type-fest@^0.8.0:
  version "0.8.1"
  resolved "https://registry.yarnpkg.com/type-fest/-/type-fest-0.8.1.tgz#09e249ebde851d3b1e48d27c105444667f17b83d"
  integrity sha512-4dbzIzqvjtgiM5rw1k5rEHtBANKmdudhGyBEajN01fEyhaAIhsoKNy6y7+IN93IfpFtwY9iqi7kD+xwKhQsNJA==

universalify@^1.0.0:
  version "1.0.0"
  resolved "https://registry.yarnpkg.com/universalify/-/universalify-1.0.0.tgz#b61a1da173e8435b2fe3c67d29b9adf8594bd16d"
  integrity sha512-rb6X1W158d7pRQBg5gkR8uPaSfiids68LTJQYOtEUhoJUWBdaQHsuT/EUduxXYxcrt4r5PJ4fuHW1MHT6p0qug==

util-deprecate@^1.0.1:
  version "1.0.2"
  resolved "https://registry.yarnpkg.com/util-deprecate/-/util-deprecate-1.0.2.tgz#450d4dc9fa70de732762fbd2d4a28981419a0ccf"
  integrity sha1-RQ1Nyfpw3nMnYvvS1KKJgUGaDM8=
